// !$*UTF8*$!
{
	archiveVersion = 1;
	classes = {
	};
	objectVersion = 52;
	objects = {

/* Begin PBXBuildFile section */
		29400B80B2601DC3F589F653 /* Pods_BackEndWithFirebaseTests.framework in Frameworks */ = {isa = PBXBuildFile; fileRef = F027D8BD119CC3847A9D0BBD /* Pods_BackEndWithFirebaseTests.framework */; };
		60DB0C5725DA4B6C0048D1BD /* SessionStoreView.swift in Sources */ = {isa = PBXBuildFile; fileRef = 60DB0C5625DA4B6C0048D1BD /* SessionStoreView.swift */; };
		60DB0C6725DA4D280048D1BD /* User.swift in Sources */ = {isa = PBXBuildFile; fileRef = 60DB0C6625DA4D280048D1BD /* User.swift */; };
		60DB0C6C25DA55040048D1BD /* SignInView.swift in Sources */ = {isa = PBXBuildFile; fileRef = 60DB0C6B25DA55040048D1BD /* SignInView.swift */; };
		60DB0CAF25DA97660048D1BD /* 1.png in Resources */ = {isa = PBXBuildFile; fileRef = 60DB0CAE25DA97660048D1BD /* 1.png */; };
		60DB0CB525DAAB100048D1BD /* SDWebImageSwiftUI in Frameworks */ = {isa = PBXBuildFile; productRef = 60DB0CB425DAAB100048D1BD /* SDWebImageSwiftUI */; };
		60FC412025D3DA0000FD33DF /* AppDelegate.swift in Sources */ = {isa = PBXBuildFile; fileRef = 60FC411F25D3DA0000FD33DF /* AppDelegate.swift */; };
		60FC412225D3DA0000FD33DF /* SceneDelegate.swift in Sources */ = {isa = PBXBuildFile; fileRef = 60FC412125D3DA0000FD33DF /* SceneDelegate.swift */; };
		60FC412425D3DA0000FD33DF /* ContentView.swift in Sources */ = {isa = PBXBuildFile; fileRef = 60FC412325D3DA0000FD33DF /* ContentView.swift */; };
		60FC412625D3DA0200FD33DF /* Assets.xcassets in Resources */ = {isa = PBXBuildFile; fileRef = 60FC412525D3DA0200FD33DF /* Assets.xcassets */; };
		60FC412925D3DA0200FD33DF /* Preview Assets.xcassets in Resources */ = {isa = PBXBuildFile; fileRef = 60FC412825D3DA0200FD33DF /* Preview Assets.xcassets */; };
		60FC412C25D3DA0200FD33DF /* LaunchScreen.storyboard in Resources */ = {isa = PBXBuildFile; fileRef = 60FC412A25D3DA0200FD33DF /* LaunchScreen.storyboard */; };
		60FC413725D3DA0200FD33DF /* BackEndWithFirebaseTests.swift in Sources */ = {isa = PBXBuildFile; fileRef = 60FC413625D3DA0200FD33DF /* BackEndWithFirebaseTests.swift */; };
		60FC414225D3DA0200FD33DF /* BackEndWithFirebaseUITests.swift in Sources */ = {isa = PBXBuildFile; fileRef = 60FC414125D3DA0200FD33DF /* BackEndWithFirebaseUITests.swift */; };
		60FC417225D3DCBD00FD33DF /* DogModel.swift in Sources */ = {isa = PBXBuildFile; fileRef = 60FC417125D3DCBD00FD33DF /* DogModel.swift */; };
		60FC417725D3DEC200FD33DF /* DogViewModel.swift in Sources */ = {isa = PBXBuildFile; fileRef = 60FC417625D3DEC200FD33DF /* DogViewModel.swift */; };
		60FC417C25D3DED600FD33DF /* DogsViewModel.swift in Sources */ = {isa = PBXBuildFile; fileRef = 60FC417B25D3DED600FD33DF /* DogsViewModel.swift */; };
		60FC419D25D3EFA900FD33DF /* DogsListView.swift in Sources */ = {isa = PBXBuildFile; fileRef = 60FC419C25D3EFA900FD33DF /* DogsListView.swift */; };
		60FC41A225D3F6C000FD33DF /* DogDetailView.swift in Sources */ = {isa = PBXBuildFile; fileRef = 60FC41A125D3F6C000FD33DF /* DogDetailView.swift */; };
		60FC41A725D3FC0400FD33DF /* DogEditView.swift in Sources */ = {isa = PBXBuildFile; fileRef = 60FC41A625D3FC0400FD33DF /* DogEditView.swift */; };
		60FC41AC25D4102300FD33DF /* GoogleService-Info.plist in Resources */ = {isa = PBXBuildFile; fileRef = 60FC41AB25D4102300FD33DF /* GoogleService-Info.plist */; };
		CEDFA408428925C84867A9F8 /* Pods_BackEndWithFirebase_BackEndWithFirebaseUITests.framework in Frameworks */ = {isa = PBXBuildFile; fileRef = BC39F3EB8E17EF77E3AC58DE /* Pods_BackEndWithFirebase_BackEndWithFirebaseUITests.framework */; };
		F38C6F39BCA01B90B603231C /* Pods_BackEndWithFirebase.framework in Frameworks */ = {isa = PBXBuildFile; fileRef = 256409749C1552B6B3C3A143 /* Pods_BackEndWithFirebase.framework */; };
/* End PBXBuildFile section */

/* Begin PBXContainerItemProxy section */
		60FC413325D3DA0200FD33DF /* PBXContainerItemProxy */ = {
			isa = PBXContainerItemProxy;
			containerPortal = 60FC411425D3DA0000FD33DF /* Project object */;
			proxyType = 1;
			remoteGlobalIDString = 60FC411B25D3DA0000FD33DF;
			remoteInfo = BackEndWithFirebase;
		};
		60FC413E25D3DA0200FD33DF /* PBXContainerItemProxy */ = {
			isa = PBXContainerItemProxy;
			containerPortal = 60FC411425D3DA0000FD33DF /* Project object */;
			proxyType = 1;
			remoteGlobalIDString = 60FC411B25D3DA0000FD33DF;
			remoteInfo = BackEndWithFirebase;
		};
/* End PBXContainerItemProxy section */

/* Begin PBXFileReference section */
		1FD7EA0D40D7E09BD3D1F728 /* Pods-BackEndWithFirebaseTests.debug.xcconfig */ = {isa = PBXFileReference; includeInIndex = 1; lastKnownFileType = text.xcconfig; name = "Pods-BackEndWithFirebaseTests.debug.xcconfig"; path = "Target Support Files/Pods-BackEndWithFirebaseTests/Pods-BackEndWithFirebaseTests.debug.xcconfig"; sourceTree = "<group>"; };
		256409749C1552B6B3C3A143 /* Pods_BackEndWithFirebase.framework */ = {isa = PBXFileReference; explicitFileType = wrapper.framework; includeInIndex = 0; path = Pods_BackEndWithFirebase.framework; sourceTree = BUILT_PRODUCTS_DIR; };
		60DB0C5625DA4B6C0048D1BD /* SessionStoreView.swift */ = {isa = PBXFileReference; lastKnownFileType = sourcecode.swift; path = SessionStoreView.swift; sourceTree = "<group>"; };
		60DB0C6625DA4D280048D1BD /* User.swift */ = {isa = PBXFileReference; lastKnownFileType = sourcecode.swift; path = User.swift; sourceTree = "<group>"; };
		60DB0C6B25DA55040048D1BD /* SignInView.swift */ = {isa = PBXFileReference; lastKnownFileType = sourcecode.swift; path = SignInView.swift; sourceTree = "<group>"; };
		60DB0CAE25DA97660048D1BD /* 1.png */ = {isa = PBXFileReference; lastKnownFileType = image.png; path = 1.png; sourceTree = "<group>"; };
		60FC411C25D3DA0000FD33DF /* BackEndWithFirebase.app */ = {isa = PBXFileReference; explicitFileType = wrapper.application; includeInIndex = 0; path = BackEndWithFirebase.app; sourceTree = BUILT_PRODUCTS_DIR; };
		60FC411F25D3DA0000FD33DF /* AppDelegate.swift */ = {isa = PBXFileReference; lastKnownFileType = sourcecode.swift; path = AppDelegate.swift; sourceTree = "<group>"; };
		60FC412125D3DA0000FD33DF /* SceneDelegate.swift */ = {isa = PBXFileReference; lastKnownFileType = sourcecode.swift; path = SceneDelegate.swift; sourceTree = "<group>"; };
		60FC412325D3DA0000FD33DF /* ContentView.swift */ = {isa = PBXFileReference; lastKnownFileType = sourcecode.swift; path = ContentView.swift; sourceTree = "<group>"; };
		60FC412525D3DA0200FD33DF /* Assets.xcassets */ = {isa = PBXFileReference; lastKnownFileType = folder.assetcatalog; path = Assets.xcassets; sourceTree = "<group>"; };
		60FC412825D3DA0200FD33DF /* Preview Assets.xcassets */ = {isa = PBXFileReference; lastKnownFileType = folder.assetcatalog; path = "Preview Assets.xcassets"; sourceTree = "<group>"; };
		60FC412B25D3DA0200FD33DF /* Base */ = {isa = PBXFileReference; lastKnownFileType = file.storyboard; name = Base; path = Base.lproj/LaunchScreen.storyboard; sourceTree = "<group>"; };
		60FC412D25D3DA0200FD33DF /* Info.plist */ = {isa = PBXFileReference; lastKnownFileType = text.plist.xml; path = Info.plist; sourceTree = "<group>"; };
		60FC413225D3DA0200FD33DF /* BackEndWithFirebaseTests.xctest */ = {isa = PBXFileReference; explicitFileType = wrapper.cfbundle; includeInIndex = 0; path = BackEndWithFirebaseTests.xctest; sourceTree = BUILT_PRODUCTS_DIR; };
		60FC413625D3DA0200FD33DF /* BackEndWithFirebaseTests.swift */ = {isa = PBXFileReference; lastKnownFileType = sourcecode.swift; path = BackEndWithFirebaseTests.swift; sourceTree = "<group>"; };
		60FC413825D3DA0200FD33DF /* Info.plist */ = {isa = PBXFileReference; lastKnownFileType = text.plist.xml; path = Info.plist; sourceTree = "<group>"; };
		60FC413D25D3DA0200FD33DF /* BackEndWithFirebaseUITests.xctest */ = {isa = PBXFileReference; explicitFileType = wrapper.cfbundle; includeInIndex = 0; path = BackEndWithFirebaseUITests.xctest; sourceTree = BUILT_PRODUCTS_DIR; };
		60FC414125D3DA0200FD33DF /* BackEndWithFirebaseUITests.swift */ = {isa = PBXFileReference; lastKnownFileType = sourcecode.swift; path = BackEndWithFirebaseUITests.swift; sourceTree = "<group>"; };
		60FC414325D3DA0200FD33DF /* Info.plist */ = {isa = PBXFileReference; lastKnownFileType = text.plist.xml; path = Info.plist; sourceTree = "<group>"; };
		60FC417125D3DCBD00FD33DF /* DogModel.swift */ = {isa = PBXFileReference; lastKnownFileType = sourcecode.swift; path = DogModel.swift; sourceTree = "<group>"; };
		60FC417625D3DEC200FD33DF /* DogViewModel.swift */ = {isa = PBXFileReference; lastKnownFileType = sourcecode.swift; path = DogViewModel.swift; sourceTree = "<group>"; };
		60FC417B25D3DED600FD33DF /* DogsViewModel.swift */ = {isa = PBXFileReference; lastKnownFileType = sourcecode.swift; path = DogsViewModel.swift; sourceTree = "<group>"; };
		60FC419C25D3EFA900FD33DF /* DogsListView.swift */ = {isa = PBXFileReference; lastKnownFileType = sourcecode.swift; path = DogsListView.swift; sourceTree = "<group>"; };
		60FC41A125D3F6C000FD33DF /* DogDetailView.swift */ = {isa = PBXFileReference; lastKnownFileType = sourcecode.swift; path = DogDetailView.swift; sourceTree = "<group>"; };
		60FC41A625D3FC0400FD33DF /* DogEditView.swift */ = {isa = PBXFileReference; lastKnownFileType = sourcecode.swift; path = DogEditView.swift; sourceTree = "<group>"; };
		60FC41AB25D4102300FD33DF /* GoogleService-Info.plist */ = {isa = PBXFileReference; fileEncoding = 4; lastKnownFileType = text.plist.xml; path = "GoogleService-Info.plist"; sourceTree = "<group>"; };
		6BDF64329A505DC8B0CFDCA3 /* Pods-BackEndWithFirebase-BackEndWithFirebaseUITests.debug.xcconfig */ = {isa = PBXFileReference; includeInIndex = 1; lastKnownFileType = text.xcconfig; name = "Pods-BackEndWithFirebase-BackEndWithFirebaseUITests.debug.xcconfig"; path = "Target Support Files/Pods-BackEndWithFirebase-BackEndWithFirebaseUITests/Pods-BackEndWithFirebase-BackEndWithFirebaseUITests.debug.xcconfig"; sourceTree = "<group>"; };
		70180EF034F6ACDC6F089F3A /* Pods-BackEndWithFirebase.release.xcconfig */ = {isa = PBXFileReference; includeInIndex = 1; lastKnownFileType = text.xcconfig; name = "Pods-BackEndWithFirebase.release.xcconfig"; path = "Target Support Files/Pods-BackEndWithFirebase/Pods-BackEndWithFirebase.release.xcconfig"; sourceTree = "<group>"; };
		7B58BF2CF798A5223F707A79 /* Pods-BackEndWithFirebase.debug.xcconfig */ = {isa = PBXFileReference; includeInIndex = 1; lastKnownFileType = text.xcconfig; name = "Pods-BackEndWithFirebase.debug.xcconfig"; path = "Target Support Files/Pods-BackEndWithFirebase/Pods-BackEndWithFirebase.debug.xcconfig"; sourceTree = "<group>"; };
		B158B00107F1E33E9AA00001 /* Pods-BackEndWithFirebaseTests.release.xcconfig */ = {isa = PBXFileReference; includeInIndex = 1; lastKnownFileType = text.xcconfig; name = "Pods-BackEndWithFirebaseTests.release.xcconfig"; path = "Target Support Files/Pods-BackEndWithFirebaseTests/Pods-BackEndWithFirebaseTests.release.xcconfig"; sourceTree = "<group>"; };
		BC39F3EB8E17EF77E3AC58DE /* Pods_BackEndWithFirebase_BackEndWithFirebaseUITests.framework */ = {isa = PBXFileReference; explicitFileType = wrapper.framework; includeInIndex = 0; path = Pods_BackEndWithFirebase_BackEndWithFirebaseUITests.framework; sourceTree = BUILT_PRODUCTS_DIR; };
		E8D18B45CD98D491A8F3928C /* Pods-BackEndWithFirebase-BackEndWithFirebaseUITests.release.xcconfig */ = {isa = PBXFileReference; includeInIndex = 1; lastKnownFileType = text.xcconfig; name = "Pods-BackEndWithFirebase-BackEndWithFirebaseUITests.release.xcconfig"; path = "Target Support Files/Pods-BackEndWithFirebase-BackEndWithFirebaseUITests/Pods-BackEndWithFirebase-BackEndWithFirebaseUITests.release.xcconfig"; sourceTree = "<group>"; };
		F027D8BD119CC3847A9D0BBD /* Pods_BackEndWithFirebaseTests.framework */ = {isa = PBXFileReference; explicitFileType = wrapper.framework; includeInIndex = 0; path = Pods_BackEndWithFirebaseTests.framework; sourceTree = BUILT_PRODUCTS_DIR; };
/* End PBXFileReference section */

/* Begin PBXFrameworksBuildPhase section */
		60FC411925D3DA0000FD33DF /* Frameworks */ = {
			isa = PBXFrameworksBuildPhase;
			buildActionMask = 2147483647;
			files = (
				60DB0CB525DAAB100048D1BD /* SDWebImageSwiftUI in Frameworks */,
				F38C6F39BCA01B90B603231C /* Pods_BackEndWithFirebase.framework in Frameworks */,
			);
			runOnlyForDeploymentPostprocessing = 0;
		};
		60FC412F25D3DA0200FD33DF /* Frameworks */ = {
			isa = PBXFrameworksBuildPhase;
			buildActionMask = 2147483647;
			files = (
				29400B80B2601DC3F589F653 /* Pods_BackEndWithFirebaseTests.framework in Frameworks */,
			);
			runOnlyForDeploymentPostprocessing = 0;
		};
		60FC413A25D3DA0200FD33DF /* Frameworks */ = {
			isa = PBXFrameworksBuildPhase;
			buildActionMask = 2147483647;
			files = (
				CEDFA408428925C84867A9F8 /* Pods_BackEndWithFirebase_BackEndWithFirebaseUITests.framework in Frameworks */,
			);
			runOnlyForDeploymentPostprocessing = 0;
		};
/* End PBXFrameworksBuildPhase section */

/* Begin PBXGroup section */
		4600D18CA2447EE16B4164E1 /* Frameworks */ = {
			isa = PBXGroup;
			children = (
				256409749C1552B6B3C3A143 /* Pods_BackEndWithFirebase.framework */,
				BC39F3EB8E17EF77E3AC58DE /* Pods_BackEndWithFirebase_BackEndWithFirebaseUITests.framework */,
				F027D8BD119CC3847A9D0BBD /* Pods_BackEndWithFirebaseTests.framework */,
			);
			name = Frameworks;
			sourceTree = "<group>";
		};
		60FC411325D3DA0000FD33DF = {
			isa = PBXGroup;
			children = (
				60FC411E25D3DA0000FD33DF /* BackEndWithFirebase */,
				60FC413525D3DA0200FD33DF /* BackEndWithFirebaseTests */,
				60FC414025D3DA0200FD33DF /* BackEndWithFirebaseUITests */,
				60FC411D25D3DA0000FD33DF /* Products */,
				8539AE671E4D31E725B3DAE8 /* Pods */,
				4600D18CA2447EE16B4164E1 /* Frameworks */,
			);
			sourceTree = "<group>";
		};
		60FC411D25D3DA0000FD33DF /* Products */ = {
			isa = PBXGroup;
			children = (
				60FC411C25D3DA0000FD33DF /* BackEndWithFirebase.app */,
				60FC413225D3DA0200FD33DF /* BackEndWithFirebaseTests.xctest */,
				60FC413D25D3DA0200FD33DF /* BackEndWithFirebaseUITests.xctest */,
			);
			name = Products;
			sourceTree = "<group>";
		};
		60FC411E25D3DA0000FD33DF /* BackEndWithFirebase */ = {
			isa = PBXGroup;
			children = (
				60FC41AB25D4102300FD33DF /* GoogleService-Info.plist */,
				60DB0CAE25DA97660048D1BD /* 1.png */,
				60FC415425D3DA4600FD33DF /* ViewModel */,
				60FC415325D3DA3B00FD33DF /* View */,
				60FC415225D3DA2200FD33DF /* Model */,
				60FC411F25D3DA0000FD33DF /* AppDelegate.swift */,
				60FC412125D3DA0000FD33DF /* SceneDelegate.swift */,
				60FC412325D3DA0000FD33DF /* ContentView.swift */,
				60FC412525D3DA0200FD33DF /* Assets.xcassets */,
				60FC412A25D3DA0200FD33DF /* LaunchScreen.storyboard */,
				60FC412D25D3DA0200FD33DF /* Info.plist */,
				60FC412725D3DA0200FD33DF /* Preview Content */,
			);
			path = BackEndWithFirebase;
			sourceTree = "<group>";
		};
		60FC412725D3DA0200FD33DF /* Preview Content */ = {
			isa = PBXGroup;
			children = (
				60FC412825D3DA0200FD33DF /* Preview Assets.xcassets */,
			);
			path = "Preview Content";
			sourceTree = "<group>";
		};
		60FC413525D3DA0200FD33DF /* BackEndWithFirebaseTests */ = {
			isa = PBXGroup;
			children = (
				60FC413625D3DA0200FD33DF /* BackEndWithFirebaseTests.swift */,
				60FC413825D3DA0200FD33DF /* Info.plist */,
			);
			path = BackEndWithFirebaseTests;
			sourceTree = "<group>";
		};
		60FC414025D3DA0200FD33DF /* BackEndWithFirebaseUITests */ = {
			isa = PBXGroup;
			children = (
				60FC414125D3DA0200FD33DF /* BackEndWithFirebaseUITests.swift */,
				60FC414325D3DA0200FD33DF /* Info.plist */,
			);
			path = BackEndWithFirebaseUITests;
			sourceTree = "<group>";
		};
		60FC415225D3DA2200FD33DF /* Model */ = {
			isa = PBXGroup;
			children = (
				60FC417125D3DCBD00FD33DF /* DogModel.swift */,
			);
			path = Model;
			sourceTree = "<group>";
		};
		60FC415325D3DA3B00FD33DF /* View */ = {
			isa = PBXGroup;
			children = (
				60FC419C25D3EFA900FD33DF /* DogsListView.swift */,
				60FC41A125D3F6C000FD33DF /* DogDetailView.swift */,
				60FC41A625D3FC0400FD33DF /* DogEditView.swift */,
				60DB0C5625DA4B6C0048D1BD /* SessionStoreView.swift */,
				60DB0C6625DA4D280048D1BD /* User.swift */,
				60DB0C6B25DA55040048D1BD /* SignInView.swift */,
			);
			path = View;
			sourceTree = "<group>";
		};
		60FC415425D3DA4600FD33DF /* ViewModel */ = {
			isa = PBXGroup;
			children = (
				60FC417625D3DEC200FD33DF /* DogViewModel.swift */,
				60FC417B25D3DED600FD33DF /* DogsViewModel.swift */,
			);
			path = ViewModel;
			sourceTree = "<group>";
		};
		8539AE671E4D31E725B3DAE8 /* Pods */ = {
			isa = PBXGroup;
			children = (
				7B58BF2CF798A5223F707A79 /* Pods-BackEndWithFirebase.debug.xcconfig */,
				70180EF034F6ACDC6F089F3A /* Pods-BackEndWithFirebase.release.xcconfig */,
				6BDF64329A505DC8B0CFDCA3 /* Pods-BackEndWithFirebase-BackEndWithFirebaseUITests.debug.xcconfig */,
				E8D18B45CD98D491A8F3928C /* Pods-BackEndWithFirebase-BackEndWithFirebaseUITests.release.xcconfig */,
				1FD7EA0D40D7E09BD3D1F728 /* Pods-BackEndWithFirebaseTests.debug.xcconfig */,
				B158B00107F1E33E9AA00001 /* Pods-BackEndWithFirebaseTests.release.xcconfig */,
			);
			path = Pods;
			sourceTree = "<group>";
		};
/* End PBXGroup section */

/* Begin PBXNativeTarget section */
		60FC411B25D3DA0000FD33DF /* BackEndWithFirebase */ = {
			isa = PBXNativeTarget;
			buildConfigurationList = 60FC414625D3DA0200FD33DF /* Build configuration list for PBXNativeTarget "BackEndWithFirebase" */;
			buildPhases = (
				37FA689493633A78878AEA52 /* [CP] Check Pods Manifest.lock */,
				60FC411825D3DA0000FD33DF /* Sources */,
				60FC411925D3DA0000FD33DF /* Frameworks */,
				60FC411A25D3DA0000FD33DF /* Resources */,
				7FAC28457AD7A4CBA5C20A3F /* [CP] Embed Pods Frameworks */,
			);
			buildRules = (
			);
			dependencies = (
			);
			name = BackEndWithFirebase;
			packageProductDependencies = (
				60DB0CB425DAAB100048D1BD /* SDWebImageSwiftUI */,
			);
			productName = BackEndWithFirebase;
			productReference = 60FC411C25D3DA0000FD33DF /* BackEndWithFirebase.app */;
			productType = "com.apple.product-type.application";
		};
		60FC413125D3DA0200FD33DF /* BackEndWithFirebaseTests */ = {
			isa = PBXNativeTarget;
			buildConfigurationList = 60FC414925D3DA0200FD33DF /* Build configuration list for PBXNativeTarget "BackEndWithFirebaseTests" */;
			buildPhases = (
				A9E0A636552EBA4B8B4A6DC2 /* [CP] Check Pods Manifest.lock */,
				60FC412E25D3DA0200FD33DF /* Sources */,
				60FC412F25D3DA0200FD33DF /* Frameworks */,
				60FC413025D3DA0200FD33DF /* Resources */,
			);
			buildRules = (
			);
			dependencies = (
				60FC413425D3DA0200FD33DF /* PBXTargetDependency */,
			);
			name = BackEndWithFirebaseTests;
			productName = BackEndWithFirebaseTests;
			productReference = 60FC413225D3DA0200FD33DF /* BackEndWithFirebaseTests.xctest */;
			productType = "com.apple.product-type.bundle.unit-test";
		};
		60FC413C25D3DA0200FD33DF /* BackEndWithFirebaseUITests */ = {
			isa = PBXNativeTarget;
			buildConfigurationList = 60FC414C25D3DA0200FD33DF /* Build configuration list for PBXNativeTarget "BackEndWithFirebaseUITests" */;
			buildPhases = (
				4BE1E50D1B1DF3378C628EAD /* [CP] Check Pods Manifest.lock */,
				60FC413925D3DA0200FD33DF /* Sources */,
				60FC413A25D3DA0200FD33DF /* Frameworks */,
				60FC413B25D3DA0200FD33DF /* Resources */,
				B2D649C2209D04BF1917879B /* [CP] Embed Pods Frameworks */,
			);
			buildRules = (
			);
			dependencies = (
				60FC413F25D3DA0200FD33DF /* PBXTargetDependency */,
			);
			name = BackEndWithFirebaseUITests;
			productName = BackEndWithFirebaseUITests;
			productReference = 60FC413D25D3DA0200FD33DF /* BackEndWithFirebaseUITests.xctest */;
			productType = "com.apple.product-type.bundle.ui-testing";
		};
/* End PBXNativeTarget section */

/* Begin PBXProject section */
		60FC411425D3DA0000FD33DF /* Project object */ = {
			isa = PBXProject;
			attributes = {
				LastSwiftUpdateCheck = 1210;
				LastUpgradeCheck = 1210;
				TargetAttributes = {
					60FC411B25D3DA0000FD33DF = {
						CreatedOnToolsVersion = 12.1;
					};
					60FC413125D3DA0200FD33DF = {
						CreatedOnToolsVersion = 12.1;
						TestTargetID = 60FC411B25D3DA0000FD33DF;
					};
					60FC413C25D3DA0200FD33DF = {
						CreatedOnToolsVersion = 12.1;
						TestTargetID = 60FC411B25D3DA0000FD33DF;
					};
				};
			};
			buildConfigurationList = 60FC411725D3DA0000FD33DF /* Build configuration list for PBXProject "BackEndWithFirebase" */;
			compatibilityVersion = "Xcode 9.3";
			developmentRegion = en;
			hasScannedForEncodings = 0;
			knownRegions = (
				en,
				Base,
			);
			mainGroup = 60FC411325D3DA0000FD33DF;
			packageReferences = (
				60DB0CB325DAAB100048D1BD /* XCRemoteSwiftPackageReference "SDWebImageSwiftUI" */,
			);
			productRefGroup = 60FC411D25D3DA0000FD33DF /* Products */;
			projectDirPath = "";
			projectRoot = "";
			targets = (
				60FC411B25D3DA0000FD33DF /* BackEndWithFirebase */,
				60FC413125D3DA0200FD33DF /* BackEndWithFirebaseTests */,
				60FC413C25D3DA0200FD33DF /* BackEndWithFirebaseUITests */,
			);
		};
/* End PBXProject section */

/* Begin PBXResourcesBuildPhase section */
		60FC411A25D3DA0000FD33DF /* Resources */ = {
			isa = PBXResourcesBuildPhase;
			buildActionMask = 2147483647;
			files = (
				60FC41AC25D4102300FD33DF /* GoogleService-Info.plist in Resources */,
				60FC412C25D3DA0200FD33DF /* LaunchScreen.storyboard in Resources */,
				60FC412925D3DA0200FD33DF /* Preview Assets.xcassets in Resources */,
				60FC412625D3DA0200FD33DF /* Assets.xcassets in Resources */,
				60DB0CAF25DA97660048D1BD /* 1.png in Resources */,
			);
			runOnlyForDeploymentPostprocessing = 0;
		};
		60FC413025D3DA0200FD33DF /* Resources */ = {
			isa = PBXResourcesBuildPhase;
			buildActionMask = 2147483647;
			files = (
			);
			runOnlyForDeploymentPostprocessing = 0;
		};
		60FC413B25D3DA0200FD33DF /* Resources */ = {
			isa = PBXResourcesBuildPhase;
			buildActionMask = 2147483647;
			files = (
			);
			runOnlyForDeploymentPostprocessing = 0;
		};
/* End PBXResourcesBuildPhase section */

/* Begin PBXShellScriptBuildPhase section */
		37FA689493633A78878AEA52 /* [CP] Check Pods Manifest.lock */ = {
			isa = PBXShellScriptBuildPhase;
			buildActionMask = 2147483647;
			files = (
			);
			inputFileListPaths = (
			);
			inputPaths = (
				"${PODS_PODFILE_DIR_PATH}/Podfile.lock",
				"${PODS_ROOT}/Manifest.lock",
			);
			name = "[CP] Check Pods Manifest.lock";
			outputFileListPaths = (
			);
			outputPaths = (
				"$(DERIVED_FILE_DIR)/Pods-BackEndWithFirebase-checkManifestLockResult.txt",
			);
			runOnlyForDeploymentPostprocessing = 0;
			shellPath = /bin/sh;
			shellScript = "diff \"${PODS_PODFILE_DIR_PATH}/Podfile.lock\" \"${PODS_ROOT}/Manifest.lock\" > /dev/null\nif [ $? != 0 ] ; then\n    # print error to STDERR\n    echo \"error: The sandbox is not in sync with the Podfile.lock. Run 'pod install' or update your CocoaPods installation.\" >&2\n    exit 1\nfi\n# This output is used by Xcode 'outputs' to avoid re-running this script phase.\necho \"SUCCESS\" > \"${SCRIPT_OUTPUT_FILE_0}\"\n";
			showEnvVarsInLog = 0;
		};
		4BE1E50D1B1DF3378C628EAD /* [CP] Check Pods Manifest.lock */ = {
			isa = PBXShellScriptBuildPhase;
			buildActionMask = 2147483647;
			files = (
			);
			inputFileListPaths = (
			);
			inputPaths = (
				"${PODS_PODFILE_DIR_PATH}/Podfile.lock",
				"${PODS_ROOT}/Manifest.lock",
			);
			name = "[CP] Check Pods Manifest.lock";
			outputFileListPaths = (
			);
			outputPaths = (
				"$(DERIVED_FILE_DIR)/Pods-BackEndWithFirebase-BackEndWithFirebaseUITests-checkManifestLockResult.txt",
			);
			runOnlyForDeploymentPostprocessing = 0;
			shellPath = /bin/sh;
			shellScript = "diff \"${PODS_PODFILE_DIR_PATH}/Podfile.lock\" \"${PODS_ROOT}/Manifest.lock\" > /dev/null\nif [ $? != 0 ] ; then\n    # print error to STDERR\n    echo \"error: The sandbox is not in sync with the Podfile.lock. Run 'pod install' or update your CocoaPods installation.\" >&2\n    exit 1\nfi\n# This output is used by Xcode 'outputs' to avoid re-running this script phase.\necho \"SUCCESS\" > \"${SCRIPT_OUTPUT_FILE_0}\"\n";
			showEnvVarsInLog = 0;
		};
		7FAC28457AD7A4CBA5C20A3F /* [CP] Embed Pods Frameworks */ = {
			isa = PBXShellScriptBuildPhase;
			buildActionMask = 2147483647;
			files = (
			);
			inputFileListPaths = (
				"${PODS_ROOT}/Target Support Files/Pods-BackEndWithFirebase/Pods-BackEndWithFirebase-frameworks-${CONFIGURATION}-input-files.xcfilelist",
			);
			name = "[CP] Embed Pods Frameworks";
			outputFileListPaths = (
				"${PODS_ROOT}/Target Support Files/Pods-BackEndWithFirebase/Pods-BackEndWithFirebase-frameworks-${CONFIGURATION}-output-files.xcfilelist",
			);
			runOnlyForDeploymentPostprocessing = 0;
			shellPath = /bin/sh;
			shellScript = "\"${PODS_ROOT}/Target Support Files/Pods-BackEndWithFirebase/Pods-BackEndWithFirebase-frameworks.sh\"\n";
			showEnvVarsInLog = 0;
		};
		A9E0A636552EBA4B8B4A6DC2 /* [CP] Check Pods Manifest.lock */ = {
			isa = PBXShellScriptBuildPhase;
			buildActionMask = 2147483647;
			files = (
			);
			inputFileListPaths = (
			);
			inputPaths = (
				"${PODS_PODFILE_DIR_PATH}/Podfile.lock",
				"${PODS_ROOT}/Manifest.lock",
			);
			name = "[CP] Check Pods Manifest.lock";
			outputFileListPaths = (
			);
			outputPaths = (
				"$(DERIVED_FILE_DIR)/Pods-BackEndWithFirebaseTests-checkManifestLockResult.txt",
			);
			runOnlyForDeploymentPostprocessing = 0;
			shellPath = /bin/sh;
			shellScript = "diff \"${PODS_PODFILE_DIR_PATH}/Podfile.lock\" \"${PODS_ROOT}/Manifest.lock\" > /dev/null\nif [ $? != 0 ] ; then\n    # print error to STDERR\n    echo \"error: The sandbox is not in sync with the Podfile.lock. Run 'pod install' or update your CocoaPods installation.\" >&2\n    exit 1\nfi\n# This output is used by Xcode 'outputs' to avoid re-running this script phase.\necho \"SUCCESS\" > \"${SCRIPT_OUTPUT_FILE_0}\"\n";
			showEnvVarsInLog = 0;
		};
		B2D649C2209D04BF1917879B /* [CP] Embed Pods Frameworks */ = {
			isa = PBXShellScriptBuildPhase;
			buildActionMask = 2147483647;
			files = (
			);
			inputFileListPaths = (
				"${PODS_ROOT}/Target Support Files/Pods-BackEndWithFirebase-BackEndWithFirebaseUITests/Pods-BackEndWithFirebase-BackEndWithFirebaseUITests-frameworks-${CONFIGURATION}-input-files.xcfilelist",
			);
			name = "[CP] Embed Pods Frameworks";
			outputFileListPaths = (
				"${PODS_ROOT}/Target Support Files/Pods-BackEndWithFirebase-BackEndWithFirebaseUITests/Pods-BackEndWithFirebase-BackEndWithFirebaseUITests-frameworks-${CONFIGURATION}-output-files.xcfilelist",
			);
			runOnlyForDeploymentPostprocessing = 0;
			shellPath = /bin/sh;
			shellScript = "\"${PODS_ROOT}/Target Support Files/Pods-BackEndWithFirebase-BackEndWithFirebaseUITests/Pods-BackEndWithFirebase-BackEndWithFirebaseUITests-frameworks.sh\"\n";
			showEnvVarsInLog = 0;
		};
/* End PBXShellScriptBuildPhase section */

/* Begin PBXSourcesBuildPhase section */
		60FC411825D3DA0000FD33DF /* Sources */ = {
			isa = PBXSourcesBuildPhase;
			buildActionMask = 2147483647;
			files = (
				60FC417225D3DCBD00FD33DF /* DogModel.swift in Sources */,
				60FC417C25D3DED600FD33DF /* DogsViewModel.swift in Sources */,
				60FC41A725D3FC0400FD33DF /* DogEditView.swift in Sources */,
				60FC412025D3DA0000FD33DF /* AppDelegate.swift in Sources */,
				60FC419D25D3EFA900FD33DF /* DogsListView.swift in Sources */,
				60DB0C5725DA4B6C0048D1BD /* SessionStoreView.swift in Sources */,
				60DB0C6C25DA55040048D1BD /* SignInView.swift in Sources */,
				60FC417725D3DEC200FD33DF /* DogViewModel.swift in Sources */,
				60FC412225D3DA0000FD33DF /* SceneDelegate.swift in Sources */,
				60FC41A225D3F6C000FD33DF /* DogDetailView.swift in Sources */,
				60FC412425D3DA0000FD33DF /* ContentView.swift in Sources */,
				60DB0C6725DA4D280048D1BD /* User.swift in Sources */,
			);
			runOnlyForDeploymentPostprocessing = 0;
		};
		60FC412E25D3DA0200FD33DF /* Sources */ = {
			isa = PBXSourcesBuildPhase;
			buildActionMask = 2147483647;
			files = (
				60FC413725D3DA0200FD33DF /* BackEndWithFirebaseTests.swift in Sources */,
			);
			runOnlyForDeploymentPostprocessing = 0;
		};
		60FC413925D3DA0200FD33DF /* Sources */ = {
			isa = PBXSourcesBuildPhase;
			buildActionMask = 2147483647;
			files = (
				60FC414225D3DA0200FD33DF /* BackEndWithFirebaseUITests.swift in Sources */,
			);
			runOnlyForDeploymentPostprocessing = 0;
		};
/* End PBXSourcesBuildPhase section */

/* Begin PBXTargetDependency section */
		60FC413425D3DA0200FD33DF /* PBXTargetDependency */ = {
			isa = PBXTargetDependency;
			target = 60FC411B25D3DA0000FD33DF /* BackEndWithFirebase */;
			targetProxy = 60FC413325D3DA0200FD33DF /* PBXContainerItemProxy */;
		};
		60FC413F25D3DA0200FD33DF /* PBXTargetDependency */ = {
			isa = PBXTargetDependency;
			target = 60FC411B25D3DA0000FD33DF /* BackEndWithFirebase */;
			targetProxy = 60FC413E25D3DA0200FD33DF /* PBXContainerItemProxy */;
		};
/* End PBXTargetDependency section */

/* Begin PBXVariantGroup section */
		60FC412A25D3DA0200FD33DF /* LaunchScreen.storyboard */ = {
			isa = PBXVariantGroup;
			children = (
				60FC412B25D3DA0200FD33DF /* Base */,
			);
			name = LaunchScreen.storyboard;
			sourceTree = "<group>";
		};
/* End PBXVariantGroup section */

/* Begin XCBuildConfiguration section */
		60FC414425D3DA0200FD33DF /* Debug */ = {
			isa = XCBuildConfiguration;
			buildSettings = {
				ALWAYS_SEARCH_USER_PATHS = NO;
				CLANG_ANALYZER_NONNULL = YES;
				CLANG_ANALYZER_NUMBER_OBJECT_CONVERSION = YES_AGGRESSIVE;
				CLANG_CXX_LANGUAGE_STANDARD = "gnu++14";
				CLANG_CXX_LIBRARY = "libc++";
				CLANG_ENABLE_MODULES = YES;
				CLANG_ENABLE_OBJC_ARC = YES;
				CLANG_ENABLE_OBJC_WEAK = YES;
				CLANG_WARN_BLOCK_CAPTURE_AUTORELEASING = YES;
				CLANG_WARN_BOOL_CONVERSION = YES;
				CLANG_WARN_COMMA = YES;
				CLANG_WARN_CONSTANT_CONVERSION = YES;
				CLANG_WARN_DEPRECATED_OBJC_IMPLEMENTATIONS = YES;
				CLANG_WARN_DIRECT_OBJC_ISA_USAGE = YES_ERROR;
				CLANG_WARN_DOCUMENTATION_COMMENTS = YES;
				CLANG_WARN_EMPTY_BODY = YES;
				CLANG_WARN_ENUM_CONVERSION = YES;
				CLANG_WARN_INFINITE_RECURSION = YES;
				CLANG_WARN_INT_CONVERSION = YES;
				CLANG_WARN_NON_LITERAL_NULL_CONVERSION = YES;
				CLANG_WARN_OBJC_IMPLICIT_RETAIN_SELF = YES;
				CLANG_WARN_OBJC_LITERAL_CONVERSION = YES;
				CLANG_WARN_OBJC_ROOT_CLASS = YES_ERROR;
				CLANG_WARN_QUOTED_INCLUDE_IN_FRAMEWORK_HEADER = YES;
				CLANG_WARN_RANGE_LOOP_ANALYSIS = YES;
				CLANG_WARN_STRICT_PROTOTYPES = YES;
				CLANG_WARN_SUSPICIOUS_MOVE = YES;
				CLANG_WARN_UNGUARDED_AVAILABILITY = YES_AGGRESSIVE;
				CLANG_WARN_UNREACHABLE_CODE = YES;
				CLANG_WARN__DUPLICATE_METHOD_MATCH = YES;
				COPY_PHASE_STRIP = NO;
				DEBUG_INFORMATION_FORMAT = dwarf;
				ENABLE_STRICT_OBJC_MSGSEND = YES;
				ENABLE_TESTABILITY = YES;
				GCC_C_LANGUAGE_STANDARD = gnu11;
				GCC_DYNAMIC_NO_PIC = NO;
				GCC_NO_COMMON_BLOCKS = YES;
				GCC_OPTIMIZATION_LEVEL = 0;
				GCC_PREPROCESSOR_DEFINITIONS = (
					"DEBUG=1",
					"$(inherited)",
				);
				GCC_WARN_64_TO_32_BIT_CONVERSION = YES;
				GCC_WARN_ABOUT_RETURN_TYPE = YES_ERROR;
				GCC_WARN_UNDECLARED_SELECTOR = YES;
				GCC_WARN_UNINITIALIZED_AUTOS = YES_AGGRESSIVE;
				GCC_WARN_UNUSED_FUNCTION = YES;
				GCC_WARN_UNUSED_VARIABLE = YES;
				IPHONEOS_DEPLOYMENT_TARGET = 14.1;
				MTL_ENABLE_DEBUG_INFO = INCLUDE_SOURCE;
				MTL_FAST_MATH = YES;
				ONLY_ACTIVE_ARCH = YES;
				SDKROOT = iphoneos;
				SWIFT_ACTIVE_COMPILATION_CONDITIONS = DEBUG;
				SWIFT_OPTIMIZATION_LEVEL = "-Onone";
			};
			name = Debug;
		};
		60FC414525D3DA0200FD33DF /* Release */ = {
			isa = XCBuildConfiguration;
			buildSettings = {
				ALWAYS_SEARCH_USER_PATHS = NO;
				CLANG_ANALYZER_NONNULL = YES;
				CLANG_ANALYZER_NUMBER_OBJECT_CONVERSION = YES_AGGRESSIVE;
				CLANG_CXX_LANGUAGE_STANDARD = "gnu++14";
				CLANG_CXX_LIBRARY = "libc++";
				CLANG_ENABLE_MODULES = YES;
				CLANG_ENABLE_OBJC_ARC = YES;
				CLANG_ENABLE_OBJC_WEAK = YES;
				CLANG_WARN_BLOCK_CAPTURE_AUTORELEASING = YES;
				CLANG_WARN_BOOL_CONVERSION = YES;
				CLANG_WARN_COMMA = YES;
				CLANG_WARN_CONSTANT_CONVERSION = YES;
				CLANG_WARN_DEPRECATED_OBJC_IMPLEMENTATIONS = YES;
				CLANG_WARN_DIRECT_OBJC_ISA_USAGE = YES_ERROR;
				CLANG_WARN_DOCUMENTATION_COMMENTS = YES;
				CLANG_WARN_EMPTY_BODY = YES;
				CLANG_WARN_ENUM_CONVERSION = YES;
				CLANG_WARN_INFINITE_RECURSION = YES;
				CLANG_WARN_INT_CONVERSION = YES;
				CLANG_WARN_NON_LITERAL_NULL_CONVERSION = YES;
				CLANG_WARN_OBJC_IMPLICIT_RETAIN_SELF = YES;
				CLANG_WARN_OBJC_LITERAL_CONVERSION = YES;
				CLANG_WARN_OBJC_ROOT_CLASS = YES_ERROR;
				CLANG_WARN_QUOTED_INCLUDE_IN_FRAMEWORK_HEADER = YES;
				CLANG_WARN_RANGE_LOOP_ANALYSIS = YES;
				CLANG_WARN_STRICT_PROTOTYPES = YES;
				CLANG_WARN_SUSPICIOUS_MOVE = YES;
				CLANG_WARN_UNGUARDED_AVAILABILITY = YES_AGGRESSIVE;
				CLANG_WARN_UNREACHABLE_CODE = YES;
				CLANG_WARN__DUPLICATE_METHOD_MATCH = YES;
				COPY_PHASE_STRIP = NO;
				DEBUG_INFORMATION_FORMAT = "dwarf-with-dsym";
				ENABLE_NS_ASSERTIONS = NO;
				ENABLE_STRICT_OBJC_MSGSEND = YES;
				GCC_C_LANGUAGE_STANDARD = gnu11;
				GCC_NO_COMMON_BLOCKS = YES;
				GCC_WARN_64_TO_32_BIT_CONVERSION = YES;
				GCC_WARN_ABOUT_RETURN_TYPE = YES_ERROR;
				GCC_WARN_UNDECLARED_SELECTOR = YES;
				GCC_WARN_UNINITIALIZED_AUTOS = YES_AGGRESSIVE;
				GCC_WARN_UNUSED_FUNCTION = YES;
				GCC_WARN_UNUSED_VARIABLE = YES;
				IPHONEOS_DEPLOYMENT_TARGET = 14.1;
				MTL_ENABLE_DEBUG_INFO = NO;
				MTL_FAST_MATH = YES;
				SDKROOT = iphoneos;
				SWIFT_COMPILATION_MODE = wholemodule;
				SWIFT_OPTIMIZATION_LEVEL = "-O";
				VALIDATE_PRODUCT = YES;
			};
			name = Release;
		};
		60FC414725D3DA0200FD33DF /* Debug */ = {
			isa = XCBuildConfiguration;
			baseConfigurationReference = 7B58BF2CF798A5223F707A79 /* Pods-BackEndWithFirebase.debug.xcconfig */;
			buildSettings = {
				ASSETCATALOG_COMPILER_APPICON_NAME = AppIcon;
				ASSETCATALOG_COMPILER_GLOBAL_ACCENT_COLOR_NAME = AccentColor;
				CODE_SIGN_STYLE = Automatic;
				DEVELOPMENT_ASSET_PATHS = "\"BackEndWithFirebase/Preview Content\"";
				DEVELOPMENT_TEAM = DD73F8592Z;
				ENABLE_PREVIEWS = YES;
				INFOPLIST_FILE = BackEndWithFirebase/Info.plist;
				LD_RUNPATH_SEARCH_PATHS = (
					"$(inherited)",
					"@executable_path/Frameworks",
				);
				PRODUCT_BUNDLE_IDENTIFIER = com.knoxpo.FireBaseDemo;
				PRODUCT_NAME = "$(TARGET_NAME)";
				SWIFT_VERSION = 5.0;
				TARGETED_DEVICE_FAMILY = "1,2";
			};
			name = Debug;
		};
		60FC414825D3DA0200FD33DF /* Release */ = {
			isa = XCBuildConfiguration;
			baseConfigurationReference = 70180EF034F6ACDC6F089F3A /* Pods-BackEndWithFirebase.release.xcconfig */;
			buildSettings = {
				ASSETCATALOG_COMPILER_APPICON_NAME = AppIcon;
				ASSETCATALOG_COMPILER_GLOBAL_ACCENT_COLOR_NAME = AccentColor;
				CODE_SIGN_STYLE = Automatic;
				DEVELOPMENT_ASSET_PATHS = "\"BackEndWithFirebase/Preview Content\"";
				DEVELOPMENT_TEAM = DD73F8592Z;
				ENABLE_PREVIEWS = YES;
				INFOPLIST_FILE = BackEndWithFirebase/Info.plist;
				LD_RUNPATH_SEARCH_PATHS = (
					"$(inherited)",
					"@executable_path/Frameworks",
				);
				PRODUCT_BUNDLE_IDENTIFIER = com.knoxpo.FireBaseDemo;
				PRODUCT_NAME = "$(TARGET_NAME)";
				SWIFT_VERSION = 5.0;
				TARGETED_DEVICE_FAMILY = "1,2";
			};
			name = Release;
		};
		60FC414A25D3DA0200FD33DF /* Debug */ = {
			isa = XCBuildConfiguration;
			baseConfigurationReference = 1FD7EA0D40D7E09BD3D1F728 /* Pods-BackEndWithFirebaseTests.debug.xcconfig */;
			buildSettings = {
				ALWAYS_EMBED_SWIFT_STANDARD_LIBRARIES = YES;
				BUNDLE_LOADER = "$(TEST_HOST)";
				CODE_SIGN_STYLE = Automatic;
				DEVELOPMENT_TEAM = DD73F8592Z;
				INFOPLIST_FILE = BackEndWithFirebaseTests/Info.plist;
				IPHONEOS_DEPLOYMENT_TARGET = 14.1;
				LD_RUNPATH_SEARCH_PATHS = (
					"$(inherited)",
					"@executable_path/Frameworks",
					"@loader_path/Frameworks",
				);
				PRODUCT_BUNDLE_IDENTIFIER = knoxpo.BackEndWithFirebaseTests;
				PRODUCT_NAME = "$(TARGET_NAME)";
				SWIFT_VERSION = 5.0;
				TARGETED_DEVICE_FAMILY = "1,2";
				TEST_HOST = "$(BUILT_PRODUCTS_DIR)/BackEndWithFirebase.app/BackEndWithFirebase";
			};
			name = Debug;
		};
		60FC414B25D3DA0200FD33DF /* Release */ = {
			isa = XCBuildConfiguration;
			baseConfigurationReference = B158B00107F1E33E9AA00001 /* Pods-BackEndWithFirebaseTests.release.xcconfig */;
			buildSettings = {
				ALWAYS_EMBED_SWIFT_STANDARD_LIBRARIES = YES;
				BUNDLE_LOADER = "$(TEST_HOST)";
				CODE_SIGN_STYLE = Automatic;
				DEVELOPMENT_TEAM = DD73F8592Z;
				INFOPLIST_FILE = BackEndWithFirebaseTests/Info.plist;
				IPHONEOS_DEPLOYMENT_TARGET = 14.1;
				LD_RUNPATH_SEARCH_PATHS = (
					"$(inherited)",
					"@executable_path/Frameworks",
					"@loader_path/Frameworks",
				);
				PRODUCT_BUNDLE_IDENTIFIER = knoxpo.BackEndWithFirebaseTests;
				PRODUCT_NAME = "$(TARGET_NAME)";
				SWIFT_VERSION = 5.0;
				TARGETED_DEVICE_FAMILY = "1,2";
				TEST_HOST = "$(BUILT_PRODUCTS_DIR)/BackEndWithFirebase.app/BackEndWithFirebase";
			};
			name = Release;
		};
		60FC414D25D3DA0200FD33DF /* Debug */ = {
			isa = XCBuildConfiguration;
			baseConfigurationReference = 6BDF64329A505DC8B0CFDCA3 /* Pods-BackEndWithFirebase-BackEndWithFirebaseUITests.debug.xcconfig */;
			buildSettings = {
				ALWAYS_EMBED_SWIFT_STANDARD_LIBRARIES = YES;
				CODE_SIGN_STYLE = Automatic;
				DEVELOPMENT_TEAM = DD73F8592Z;
				INFOPLIST_FILE = BackEndWithFirebaseUITests/Info.plist;
				LD_RUNPATH_SEARCH_PATHS = (
					"$(inherited)",
					"@executable_path/Frameworks",
					"@loader_path/Frameworks",
				);
				PRODUCT_BUNDLE_IDENTIFIER = knoxpo.BackEndWithFirebaseUITests;
				PRODUCT_NAME = "$(TARGET_NAME)";
				SWIFT_VERSION = 5.0;
				TARGETED_DEVICE_FAMILY = "1,2";
				TEST_TARGET_NAME = BackEndWithFirebase;
			};
			name = Debug;
		};
		60FC414E25D3DA0200FD33DF /* Release */ = {
			isa = XCBuildConfiguration;
			baseConfigurationReference = E8D18B45CD98D491A8F3928C /* Pods-BackEndWithFirebase-BackEndWithFirebaseUITests.release.xcconfig */;
			buildSettings = {
				ALWAYS_EMBED_SWIFT_STANDARD_LIBRARIES = YES;
				CODE_SIGN_STYLE = Automatic;
				DEVELOPMENT_TEAM = DD73F8592Z;
				INFOPLIST_FILE = BackEndWithFirebaseUITests/Info.plist;
				LD_RUNPATH_SEARCH_PATHS = (
					"$(inherited)",
					"@executable_path/Frameworks",
					"@loader_path/Frameworks",
				);
				PRODUCT_BUNDLE_IDENTIFIER = knoxpo.BackEndWithFirebaseUITests;
				PRODUCT_NAME = "$(TARGET_NAME)";
				SWIFT_VERSION = 5.0;
				TARGETED_DEVICE_FAMILY = "1,2";
				TEST_TARGET_NAME = BackEndWithFirebase;
			};
			name = Release;
		};
/* End XCBuildConfiguration section */

/* Begin XCConfigurationList section */
		60FC411725D3DA0000FD33DF /* Build configuration list for PBXProject "BackEndWithFirebase" */ = {
			isa = XCConfigurationList;
			buildConfigurations = (
				60FC414425D3DA0200FD33DF /* Debug */,
				60FC414525D3DA0200FD33DF /* Release */,
			);
			defaultConfigurationIsVisible = 0;
			defaultConfigurationName = Release;
		};
		60FC414625D3DA0200FD33DF /* Build configuration list for PBXNativeTarget "BackEndWithFirebase" */ = {
			isa = XCConfigurationList;
			buildConfigurations = (
				60FC414725D3DA0200FD33DF /* Debug */,
				60FC414825D3DA0200FD33DF /* Release */,
			);
			defaultConfigurationIsVisible = 0;
			defaultConfigurationName = Release;
		};
		60FC414925D3DA0200FD33DF /* Build configuration list for PBXNativeTarget "BackEndWithFirebaseTests" */ = {
			isa = XCConfigurationList;
			buildConfigurations = (
				60FC414A25D3DA0200FD33DF /* Debug */,
				60FC414B25D3DA0200FD33DF /* Release */,
			);
			defaultConfigurationIsVisible = 0;
			defaultConfigurationName = Release;
		};
		60FC414C25D3DA0200FD33DF /* Build configuration list for PBXNativeTarget "BackEndWithFirebaseUITests" */ = {
			isa = XCConfigurationList;
			buildConfigurations = (
				60FC414D25D3DA0200FD33DF /* Debug */,
				60FC414E25D3DA0200FD33DF /* Release */,
			);
			defaultConfigurationIsVisible = 0;
			defaultConfigurationName = Release;
		};
/* End XCConfigurationList section */

/* Begin XCRemoteSwiftPackageReference section */
		60DB0CB325DAAB100048D1BD /* XCRemoteSwiftPackageReference "SDWebImageSwiftUI" */ = {
			isa = XCRemoteSwiftPackageReference;
			repositoryURL = "https://github.com/SDWebImage/SDWebImageSwiftUI.git";
			requirement = {
				kind = upToNextMajorVersion;
				minimumVersion = 1.5.0;
			};
		};
/* End XCRemoteSwiftPackageReference section */

/* Begin XCSwiftPackageProductDependency section */
		60DB0CB425DAAB100048D1BD /* SDWebImageSwiftUI */ = {
			isa = XCSwiftPackageProductDependency;
			package = 60DB0CB325DAAB100048D1BD /* XCRemoteSwiftPackageReference "SDWebImageSwiftUI" */;
			productName = SDWebImageSwiftUI;
		};
/* End XCSwiftPackageProductDependency section */
	};
	rootObject = 60FC411425D3DA0000FD33DF /* Project object */;
}
